PODS:
  - ASN1Swift (1.2.5)
  - SwiftyStoreKit (0.16.1)
  - TPInAppReceipt (3.4.0):
    - TPInAppReceipt/Core (= 3.4.0)
  - TPInAppReceipt/Core (3.4.0):
    - ASN1Swift (~> 1.2.5)

DEPENDENCIES:
  - SwiftyStoreKit
  - TPInAppReceipt

SPEC REPOS:
  trunk:
    - ASN1Swift
    - SwiftyStoreKit
    - TPInAppReceipt

SPEC CHECKSUMS:
  ASN1Swift: be676fe8c6cd753dbc402ec68b28544d53aa0c26
  SwiftyStoreKit: 6b9c08810269f030586dac1fae8e75871a82e84a
  TPInAppReceipt: 43196f444b7287a7d228184b9df7eae5598c1940

PODFILE CHECKSUM: 3942a9e5808abe12ac7d77a193ff9ba79834fcb4

COCOAPODS: 1.15.2
