PODS:
  - ASN1Swift (1.2.3)
  - SwiftyStoreKit (0.16.1)
  - TPInAppReceipt (3.3.2):
    - TPInAppReceipt/Core (= 3.3.2)
  - TPInAppReceipt/Core (3.3.2):
    - ASN1Swift (~> 1.2.3)

DEPENDENCIES:
  - SwiftyStoreKit
  - TPInAppReceipt

SPEC REPOS:
  trunk:
    - ASN1Swift
    - SwiftyStoreKit
    - TPInAppReceipt

SPEC CHECKSUMS:
  ASN1Swift: 73ba94f1d97c1c1d059d180708ad42845aeac4f9
  SwiftyStoreKit: 6b9c08810269f030586dac1fae8e75871a82e84a
  TPInAppReceipt: 5f9eb3ebc7e13b9427a7f42aa9657c005ffaf34c

PODFILE CHECKSUM: 3942a9e5808abe12ac7d77a193ff9ba79834fcb4

COCOAPODS: 1.11.2
